
Microsoft Visual Studio Solution File, Format Version 12.00
# Visual Studio Version 16
VisualStudioVersion = 16.0.30804.86
MinimumVisualStudioVersion = 10.0.40219.1
Project("{FAE04EC0-301F-11D3-BF4B-00C04F79EFBC}") = "Task 3.1.2", "Task 3.1.2\Task 3.1.2.csproj", "{76D98283-DA53-4E7F-966E-96165D6A0870}"
EndProject
Global
	GlobalSection(SolutionConfigurationPlatforms) = preSolution
		Debug|Any CPU = Debug|Any CPU
		Release|Any CPU = Release|Any CPU
	EndGlobalSection
	GlobalSection(ProjectConfigurationPlatforms) = postSolution
		{76D98283-DA53-4E7F-966E-96165D6A0870}.Debug|Any CPU.ActiveCfg = Debug|Any CPU
		{76D98283-DA53-4E7F-966E-96165D6A0870}.Debug|Any CPU.Build.0 = Debug|Any CPU
		{76D98283-DA53-4E7F-966E-96165D6A0870}.Release|Any CPU.ActiveCfg = Release|Any CPU
		{76D98283-DA53-4E7F-966E-96165D6A0870}.Release|Any CPU.Build.0 = Release|Any CPU
	EndGlobalSection
	GlobalSection(SolutionProperties) = preSolution
		HideSolutionNode = FALSE
	EndGlobalSection
	GlobalSection(ExtensibilityGlobals) = postSolution
		SolutionGuid = {D8E8BA04-AD60-4137-8A82-9D2C24CF1393}
	EndGlobalSection
EndGlobal
