
Microsoft Visual Studio Solution File, Format Version 12.00
# Visual Studio Version 16
VisualStudioVersion = 16.0.30804.86
MinimumVisualStudioVersion = 10.0.40219.1
Project("{FAE04EC0-301F-11D3-BF4B-00C04F79EFBC}") = "Task 3.3.3", "Task 3.3.3\Task 3.3.3.csproj", "{F4893FA2-C5D6-41CB-9CC1-B1CB066C3607}"
EndProject
Global
	GlobalSection(SolutionConfigurationPlatforms) = preSolution
		Debug|Any CPU = Debug|Any CPU
		Release|Any CPU = Release|Any CPU
	EndGlobalSection
	GlobalSection(ProjectConfigurationPlatforms) = postSolution
		{F4893FA2-C5D6-41CB-9CC1-B1CB066C3607}.Debug|Any CPU.ActiveCfg = Debug|Any CPU
		{F4893FA2-C5D6-41CB-9CC1-B1CB066C3607}.Debug|Any CPU.Build.0 = Debug|Any CPU
		{F4893FA2-C5D6-41CB-9CC1-B1CB066C3607}.Release|Any CPU.ActiveCfg = Release|Any CPU
		{F4893FA2-C5D6-41CB-9CC1-B1CB066C3607}.Release|Any CPU.Build.0 = Release|Any CPU
	EndGlobalSection
	GlobalSection(SolutionProperties) = preSolution
		HideSolutionNode = FALSE
	EndGlobalSection
	GlobalSection(ExtensibilityGlobals) = postSolution
		SolutionGuid = {34E752F4-3120-474F-AE32-025238A9DC40}
	EndGlobalSection
EndGlobal
