
Microsoft Visual Studio Solution File, Format Version 12.00
# Visual Studio Version 16
VisualStudioVersion = 16.0.30804.86
MinimumVisualStudioVersion = 10.0.40219.1
Project("{FAE04EC0-301F-11D3-BF4B-00C04F79EFBC}") = "Task 3.2.1", "Task 3.2.1\Task 3.2.1.csproj", "{181E8171-EEE6-4B78-99B7-69A9BE23A4BF}"
EndProject
Global
	GlobalSection(SolutionConfigurationPlatforms) = preSolution
		Debug|Any CPU = Debug|Any CPU
		Release|Any CPU = Release|Any CPU
	EndGlobalSection
	GlobalSection(ProjectConfigurationPlatforms) = postSolution
		{181E8171-EEE6-4B78-99B7-69A9BE23A4BF}.Debug|Any CPU.ActiveCfg = Debug|Any CPU
		{181E8171-EEE6-4B78-99B7-69A9BE23A4BF}.Debug|Any CPU.Build.0 = Debug|Any CPU
		{181E8171-EEE6-4B78-99B7-69A9BE23A4BF}.Release|Any CPU.ActiveCfg = Release|Any CPU
		{181E8171-EEE6-4B78-99B7-69A9BE23A4BF}.Release|Any CPU.Build.0 = Release|Any CPU
	EndGlobalSection
	GlobalSection(SolutionProperties) = preSolution
		HideSolutionNode = FALSE
	EndGlobalSection
	GlobalSection(ExtensibilityGlobals) = postSolution
		SolutionGuid = {7796C768-696E-4158-A943-286670B407F8}
	EndGlobalSection
EndGlobal
